PODS:
  - flutter_timezone (0.1.0):
    - FlutterMacOS
  - FlutterMacOS (1.0.0)

DEPENDENCIES:
  - flutter_timezone (from `Flutter/ephemeral/.symlinks/plugins/flutter_timezone/macos`)
  - FlutterMacOS (from `Flutter/ephemeral`)

EXTERNAL SOURCES:
  flutter_timezone:
    :path: Flutter/ephemeral/.symlinks/plugins/flutter_timezone/macos
  FlutterMacOS:
    :path: Flutter/ephemeral

SPEC CHECKSUMS:
  flutter_timezone: 62400baa441155f2a4144188648f2ff861649747
  FlutterMacOS: 8f6f14fa908a6fb3fba0cd85dbd81ec4b251fb24

PODFILE CHECKSUM: 7eb978b976557c8c1cd717d8185ec483fd090a82

COCOAPODS: 1.16.2
